// !$*UTF8*$!
{
	archiveVersion = 1;
	classes = {
	};
	objectVersion = 56;
	objects = {

/* Begin PBXBuildFile section */
		31F7BDEC28E43B460077C1A1 /* swift_UIApp.swift in Sources */ = {isa = PBXBuildFile; fileRef = 31F7BDEB28E43B460077C1A1 /* swift_UIApp.swift */; };
		31F7BDEE28E43B460077C1A1 /* ContentView.swift in Sources */ = {isa = PBXBuildFile; fileRef = 31F7BDED28E43B460077C1A1 /* ContentView.swift */; };
		31F7BDF028E43B4D0077C1A1 /* Assets.xcassets in Resources */ = {isa = PBXBuildFile; fileRef = 31F7BDEF28E43B4D0077C1A1 /* Assets.xcassets */; };
		31F7BDF328E43B4D0077C1A1 /* Preview Assets.xcassets in Resources */ = {isa = PBXBuildFile; fileRef = 31F7BDF228E43B4D0077C1A1 /* Preview Assets.xcassets */; };
		31F7BDFD28E43B4E0077C1A1 /* swift_UITests.swift in Sources */ = {isa = PBXBuildFile; fileRef = 31F7BDFC28E43B4E0077C1A1 /* swift_UITests.swift */; };
		31F7BE0728E43B4E0077C1A1 /* swift_UIUITests.swift in Sources */ = {isa = PBXBuildFile; fileRef = 31F7BE0628E43B4E0077C1A1 /* swift_UIUITests.swift */; };
		31F7BE0928E43B4E0077C1A1 /* swift_UIUITestsLaunchTests.swift in Sources */ = {isa = PBXBuildFile; fileRef = 31F7BE0828E43B4E0077C1A1 /* swift_UIUITestsLaunchTests.swift */; };
/* End PBXBuildFile section */

/* Begin PBXContainerItemProxy section */
		31F7BDF928E43B4E0077C1A1 /* PBXContainerItemProxy */ = {
			isa = PBXContainerItemProxy;
			containerPortal = 31F7BDE028E43B450077C1A1 /* Project object */;
			proxyType = 1;
			remoteGlobalIDString = 31F7BDE728E43B460077C1A1;
			remoteInfo = "swift-UI";
		};
		31F7BE0328E43B4E0077C1A1 /* PBXContainerItemProxy */ = {
			isa = PBXContainerItemProxy;
			containerPortal = 31F7BDE028E43B450077C1A1 /* Project object */;
			proxyType = 1;
			remoteGlobalIDString = 31F7BDE728E43B460077C1A1;
			remoteInfo = "swift-UI";
		};
/* End PBXContainerItemProxy section */

/* Begin PBXFileReference section */
		31F7BDE828E43B460077C1A1 /* swift-UI.app */ = {isa = PBXFileReference; explicitFileType = wrapper.application; includeInIndex = 0; path = "swift-UI.app"; sourceTree = BUILT_PRODUCTS_DIR; };
		31F7BDEB28E43B460077C1A1 /* swift_UIApp.swift */ = {isa = PBXFileReference; lastKnownFileType = sourcecode.swift; path = swift_UIApp.swift; sourceTree = "<group>"; };
		31F7BDED28E43B460077C1A1 /* ContentView.swift */ = {isa = PBXFileReference; lastKnownFileType = sourcecode.swift; path = ContentView.swift; sourceTree = "<group>"; };
		31F7BDEF28E43B4D0077C1A1 /* Assets.xcassets */ = {isa = PBXFileReference; lastKnownFileType = folder.assetcatalog; path = Assets.xcassets; sourceTree = "<group>"; };
		31F7BDF228E43B4D0077C1A1 /* Preview Assets.xcassets */ = {isa = PBXFileReference; lastKnownFileType = folder.assetcatalog; path = "Preview Assets.xcassets"; sourceTree = "<group>"; };
		31F7BDF828E43B4E0077C1A1 /* swift-UITests.xctest */ = {isa = PBXFileReference; explicitFileType = wrapper.cfbundle; includeInIndex = 0; path = "swift-UITests.xctest"; sourceTree = BUILT_PRODUCTS_DIR; };
		31F7BDFC28E43B4E0077C1A1 /* swift_UITests.swift */ = {isa = PBXFileReference; lastKnownFileType = sourcecode.swift; path = swift_UITests.swift; sourceTree = "<group>"; };
		31F7BE0228E43B4E0077C1A1 /* swift-UIUITests.xctest */ = {isa = PBXFileReference; explicitFileType = wrapper.cfbundle; includeInIndex = 0; path = "swift-UIUITests.xctest"; sourceTree = BUILT_PRODUCTS_DIR; };
		31F7BE0628E43B4E0077C1A1 /* swift_UIUITests.swift */ = {isa = PBXFileReference; lastKnownFileType = sourcecode.swift; path = swift_UIUITests.swift; sourceTree = "<group>"; };
		31F7BE0828E43B4E0077C1A1 /* swift_UIUITestsLaunchTests.swift */ = {isa = PBXFileReference; lastKnownFileType = sourcecode.swift; path = swift_UIUITestsLaunchTests.swift; sourceTree = "<group>"; };
/* End PBXFileReference section */

/* Begin PBXFrameworksBuildPhase section */
		31F7BDE528E43B460077C1A1 /* Frameworks */ = {
			isa = PBXFrameworksBuildPhase;
			buildActionMask = 2147483647;
			files = (
			);
			runOnlyForDeploymentPostprocessing = 0;
		};
		31F7BDF528E43B4E0077C1A1 /* Frameworks */ = {
			isa = PBXFrameworksBuildPhase;
			buildActionMask = 2147483647;
			files = (
			);
			runOnlyForDeploymentPostprocessing = 0;
		};
		31F7BDFF28E43B4E0077C1A1 /* Frameworks */ = {
			isa = PBXFrameworksBuildPhase;
			buildActionMask = 2147483647;
			files = (
			);
			runOnlyForDeploymentPostprocessing = 0;
		};
/* End PBXFrameworksBuildPhase section */

/* Begin PBXGroup section */
		31F7BDDF28E43B450077C1A1 = {
			isa = PBXGroup;
			children = (
				31F7BDEA28E43B460077C1A1 /* GolfJoy */,
				31F7BDFB28E43B4E0077C1A1 /* swift-UITests */,
				31F7BE0528E43B4E0077C1A1 /* swift-UIUITests */,
				31F7BDE928E43B460077C1A1 /* Products */,
			);
			sourceTree = "<group>";
		};
		31F7BDE928E43B460077C1A1 /* Products */ = {
			isa = PBXGroup;
			children = (
				31F7BDE828E43B460077C1A1 /* swift-UI.app */,
				31F7BDF828E43B4E0077C1A1 /* swift-UITests.xctest */,
				31F7BE0228E43B4E0077C1A1 /* swift-UIUITests.xctest */,
			);
			name = Products;
			sourceTree = "<group>";
		};
		31F7BDEA28E43B460077C1A1 /* GolfJoy */ = {
			isa = PBXGroup;
			children = (
				31F7BDEB28E43B460077C1A1 /* swift_UIApp.swift */,
				31F7BDED28E43B460077C1A1 /* ContentView.swift */,
				31F7BDEF28E43B4D0077C1A1 /* Assets.xcassets */,
				31F7BDF128E43B4D0077C1A1 /* Preview Content */,
			);
			path = GolfJoy;
			sourceTree = "<group>";
		};
		31F7BDF128E43B4D0077C1A1 /* Preview Content */ = {
			isa = PBXGroup;
			children = (
				31F7BDF228E43B4D0077C1A1 /* Preview Assets.xcassets */,
			);
			path = "Preview Content";
			sourceTree = "<group>";
		};
		31F7BDFB28E43B4E0077C1A1 /* swift-UITests */ = {
			isa = PBXGroup;
			children = (
				31F7BDFC28E43B4E0077C1A1 /* swift_UITests.swift */,
			);
			path = "swift-UITests";
			sourceTree = "<group>";
		};
		31F7BE0528E43B4E0077C1A1 /* swift-UIUITests */ = {
			isa = PBXGroup;
			children = (
				31F7BE0628E43B4E0077C1A1 /* swift_UIUITests.swift */,
				31F7BE0828E43B4E0077C1A1 /* swift_UIUITestsLaunchTests.swift */,
			);
			path = "swift-UIUITests";
			sourceTree = "<group>";
		};
/* End PBXGroup section */

/* Begin PBXNativeTarget section */
		31F7BDE728E43B460077C1A1 /* swift-UI */ = {
			isa = PBXNativeTarget;
			buildConfigurationList = 31F7BE0C28E43B4E0077C1A1 /* Build configuration list for PBXNativeTarget "swift-UI" */;
			buildPhases = (
				31F7BDE428E43B460077C1A1 /* Sources */,
				31F7BDE528E43B460077C1A1 /* Frameworks */,
				31F7BDE628E43B460077C1A1 /* Resources */,
			);
			buildRules = (
			);
			dependencies = (
			);
			name = "swift-UI";
			productName = "swift-UI";
			productReference = 31F7BDE828E43B460077C1A1 /* swift-UI.app */;
			productType = "com.apple.product-type.application";
		};
		31F7BDF728E43B4E0077C1A1 /* swift-UITests */ = {
			isa = PBXNativeTarget;
			buildConfigurationList = 31F7BE0F28E43B4E0077C1A1 /* Build configuration list for PBXNativeTarget "swift-UITests" */;
			buildPhases = (
				31F7BDF428E43B4E0077C1A1 /* Sources */,
				31F7BDF528E43B4E0077C1A1 /* Frameworks */,
				31F7BDF628E43B4E0077C1A1 /* Resources */,
			);
			buildRules = (
			);
			dependencies = (
				31F7BDFA28E43B4E0077C1A1 /* PBXTargetDependency */,
			);
			name = "swift-UITests";
			productName = "swift-UITests";
			productReference = 31F7BDF828E43B4E0077C1A1 /* swift-UITests.xctest */;
			productType = "com.apple.product-type.bundle.unit-test";
		};
		31F7BE0128E43B4E0077C1A1 /* swift-UIUITests */ = {
			isa = PBXNativeTarget;
			buildConfigurationList = 31F7BE1228E43B4E0077C1A1 /* Build configuration list for PBXNativeTarget "swift-UIUITests" */;
			buildPhases = (
				31F7BDFE28E43B4E0077C1A1 /* Sources */,
				31F7BDFF28E43B4E0077C1A1 /* Frameworks */,
				31F7BE0028E43B4E0077C1A1 /* Resources */,
			);
			buildRules = (
			);
			dependencies = (
				31F7BE0428E43B4E0077C1A1 /* PBXTargetDependency */,
			);
			name = "swift-UIUITests";
			productName = "swift-UIUITests";
			productReference = 31F7BE0228E43B4E0077C1A1 /* swift-UIUITests.xctest */;
			productType = "com.apple.product-type.bundle.ui-testing";
		};
/* End PBXNativeTarget section */

/* Begin PBXProject section */
		31F7BDE028E43B450077C1A1 /* Project object */ = {
			isa = PBXProject;
			attributes = {
				BuildIndependentTargetsInParallel = 1;
				LastSwiftUpdateCheck = 1400;
				LastUpgradeCheck = 1400;
				TargetAttributes = {
					31F7BDE728E43B460077C1A1 = {
						CreatedOnToolsVersion = 14.0.1;
					};
					31F7BDF728E43B4E0077C1A1 = {
						CreatedOnToolsVersion = 14.0.1;
						TestTargetID = 31F7BDE728E43B460077C1A1;
					};
					31F7BE0128E43B4E0077C1A1 = {
						CreatedOnToolsVersion = 14.0.1;
						TestTargetID = 31F7BDE728E43B460077C1A1;
					};
				};
			};
			buildConfigurationList = 31F7BDE328E43B450077C1A1 /* Build configuration list for PBXProject "GolfJoy" */;
			compatibilityVersion = "Xcode 14.0";
			developmentRegion = en;
			hasScannedForEncodings = 0;
			knownRegions = (
				en,
				Base,
			);
			mainGroup = 31F7BDDF28E43B450077C1A1;
			productRefGroup = 31F7BDE928E43B460077C1A1 /* Products */;
			projectDirPath = "";
			projectRoot = "";
			targets = (
				31F7BDE728E43B460077C1A1 /* swift-UI */,
				31F7BDF728E43B4E0077C1A1 /* swift-UITests */,
				31F7BE0128E43B4E0077C1A1 /* swift-UIUITests */,
			);
		};
/* End PBXProject section */

/* Begin PBXResourcesBuildPhase section */
		31F7BDE628E43B460077C1A1 /* Resources */ = {
			isa = PBXResourcesBuildPhase;
			buildActionMask = 2147483647;
			files = (
				31F7BDF328E43B4D0077C1A1 /* Preview Assets.xcassets in Resources */,
				31F7BDF028E43B4D0077C1A1 /* Assets.xcassets in Resources */,
			);
			runOnlyForDeploymentPostprocessing = 0;
		};
		31F7BDF628E43B4E0077C1A1 /* Resources */ = {
			isa = PBXResourcesBuildPhase;
			buildActionMask = 2147483647;
			files = (
			);
			runOnlyForDeploymentPostprocessing = 0;
		};
		31F7BE0028E43B4E0077C1A1 /* Resources */ = {
			isa = PBXResourcesBuildPhase;
			buildActionMask = 2147483647;
			files = (
			);
			runOnlyForDeploymentPostprocessing = 0;
		};
/* End PBXResourcesBuildPhase section */

/* Begin PBXSourcesBuildPhase section */
		31F7BDE428E43B460077C1A1 /* Sources */ = {
			isa = PBXSourcesBuildPhase;
			buildActionMask = 2147483647;
			files = (
				31F7BDEE28E43B460077C1A1 /* ContentView.swift in Sources */,
				31F7BDEC28E43B460077C1A1 /* swift_UIApp.swift in Sources */,
			);
			runOnlyForDeploymentPostprocessing = 0;
		};
		31F7BDF428E43B4E0077C1A1 /* Sources */ = {
			isa = PBXSourcesBuildPhase;
			buildActionMask = 2147483647;
			files = (
				31F7BDFD28E43B4E0077C1A1 /* swift_UITests.swift in Sources */,
			);
			runOnlyForDeploymentPostprocessing = 0;
		};
		31F7BDFE28E43B4E0077C1A1 /* Sources */ = {
			isa = PBXSourcesBuildPhase;
			buildActionMask = 2147483647;
			files = (
				31F7BE0928E43B4E0077C1A1 /* swift_UIUITestsLaunchTests.swift in Sources */,
				31F7BE0728E43B4E0077C1A1 /* swift_UIUITests.swift in Sources */,
			);
			runOnlyForDeploymentPostprocessing = 0;
		};
/* End PBXSourcesBuildPhase section */

/* Begin PBXTargetDependency section */
		31F7BDFA28E43B4E0077C1A1 /* PBXTargetDependency */ = {
			isa = PBXTargetDependency;
			target = 31F7BDE728E43B460077C1A1 /* swift-UI */;
			targetProxy = 31F7BDF928E43B4E0077C1A1 /* PBXContainerItemProxy */;
		};
		31F7BE0428E43B4E0077C1A1 /* PBXTargetDependency */ = {
			isa = PBXTargetDependency;
			target = 31F7BDE728E43B460077C1A1 /* swift-UI */;
			targetProxy = 31F7BE0328E43B4E0077C1A1 /* PBXContainerItemProxy */;
		};
/* End PBXTargetDependency section */

/* Begin XCBuildConfiguration section */
		31F7BE0A28E43B4E0077C1A1 /* Debug */ = {
			isa = XCBuildConfiguration;
			buildSettings = {
				ALWAYS_SEARCH_USER_PATHS = NO;
				CLANG_ANALYZER_NONNULL = YES;
				CLANG_ANALYZER_NUMBER_OBJECT_CONVERSION = YES_AGGRESSIVE;
				CLANG_CXX_LANGUAGE_STANDARD = "gnu++20";
				CLANG_ENABLE_MODULES = YES;
				CLANG_ENABLE_OBJC_ARC = YES;
				CLANG_ENABLE_OBJC_WEAK = YES;
				CLANG_WARN_BLOCK_CAPTURE_AUTORELEASING = YES;
				CLANG_WARN_BOOL_CONVERSION = YES;
				CLANG_WARN_COMMA = YES;
				CLANG_WARN_CONSTANT_CONVERSION = YES;
				CLANG_WARN_DEPRECATED_OBJC_IMPLEMENTATIONS = YES;
				CLANG_WARN_DIRECT_OBJC_ISA_USAGE = YES_ERROR;
				CLANG_WARN_DOCUMENTATION_COMMENTS = YES;
				CLANG_WARN_EMPTY_BODY = YES;
				CLANG_WARN_ENUM_CONVERSION = YES;
				CLANG_WARN_INFINITE_RECURSION = YES;
				CLANG_WARN_INT_CONVERSION = YES;
				CLANG_WARN_NON_LITERAL_NULL_CONVERSION = YES;
				CLANG_WARN_OBJC_IMPLICIT_RETAIN_SELF = YES;
				CLANG_WARN_OBJC_LITERAL_CONVERSION = YES;
				CLANG_WARN_OBJC_ROOT_CLASS = YES_ERROR;
				CLANG_WARN_QUOTED_INCLUDE_IN_FRAMEWORK_HEADER = YES;
				CLANG_WARN_RANGE_LOOP_ANALYSIS = YES;
				CLANG_WARN_STRICT_PROTOTYPES = YES;
				CLANG_WARN_SUSPICIOUS_MOVE = YES;
				CLANG_WARN_UNGUARDED_AVAILABILITY = YES_AGGRESSIVE;
				CLANG_WARN_UNREACHABLE_CODE = YES;
				CLANG_WARN__DUPLICATE_METHOD_MATCH = YES;
				COPY_PHASE_STRIP = NO;
				DEBUG_INFORMATION_FORMAT = dwarf;
				ENABLE_STRICT_OBJC_MSGSEND = YES;
				ENABLE_TESTABILITY = YES;
				GCC_C_LANGUAGE_STANDARD = gnu11;
				GCC_DYNAMIC_NO_PIC = NO;
				GCC_NO_COMMON_BLOCKS = YES;
				GCC_OPTIMIZATION_LEVEL = 0;
				GCC_PREPROCESSOR_DEFINITIONS = (
					"DEBUG=1",
					"$(inherited)",
				);
				GCC_WARN_64_TO_32_BIT_CONVERSION = YES;
				GCC_WARN_ABOUT_RETURN_TYPE = YES_ERROR;
				GCC_WARN_UNDECLARED_SELECTOR = YES;
				GCC_WARN_UNINITIALIZED_AUTOS = YES_AGGRESSIVE;
				GCC_WARN_UNUSED_FUNCTION = YES;
				GCC_WARN_UNUSED_VARIABLE = YES;
				IPHONEOS_DEPLOYMENT_TARGET = 16.0;
				MTL_ENABLE_DEBUG_INFO = INCLUDE_SOURCE;
				MTL_FAST_MATH = YES;
				ONLY_ACTIVE_ARCH = YES;
				SDKROOT = iphoneos;
				SWIFT_ACTIVE_COMPILATION_CONDITIONS = DEBUG;
				SWIFT_OPTIMIZATION_LEVEL = "-Onone";
			};
			name = Debug;
		};
		31F7BE0B28E43B4E0077C1A1 /* Release */ = {
			isa = XCBuildConfiguration;
			buildSettings = {
				ALWAYS_SEARCH_USER_PATHS = NO;
				CLANG_ANALYZER_NONNULL = YES;
				CLANG_ANALYZER_NUMBER_OBJECT_CONVERSION = YES_AGGRESSIVE;
				CLANG_CXX_LANGUAGE_STANDARD = "gnu++20";
				CLANG_ENABLE_MODULES = YES;
				CLANG_ENABLE_OBJC_ARC = YES;
				CLANG_ENABLE_OBJC_WEAK = YES;
				CLANG_WARN_BLOCK_CAPTURE_AUTORELEASING = YES;
				CLANG_WARN_BOOL_CONVERSION = YES;
				CLANG_WARN_COMMA = YES;
				CLANG_WARN_CONSTANT_CONVERSION = YES;
				CLANG_WARN_DEPRECATED_OBJC_IMPLEMENTATIONS = YES;
				CLANG_WARN_DIRECT_OBJC_ISA_USAGE = YES_ERROR;
				CLANG_WARN_DOCUMENTATION_COMMENTS = YES;
				CLANG_WARN_EMPTY_BODY = YES;
				CLANG_WARN_ENUM_CONVERSION = YES;
				CLANG_WARN_INFINITE_RECURSION = YES;
				CLANG_WARN_INT_CONVERSION = YES;
				CLANG_WARN_NON_LITERAL_NULL_CONVERSION = YES;
				CLANG_WARN_OBJC_IMPLICIT_RETAIN_SELF = YES;
				CLANG_WARN_OBJC_LITERAL_CONVERSION = YES;
				CLANG_WARN_OBJC_ROOT_CLASS = YES_ERROR;
				CLANG_WARN_QUOTED_INCLUDE_IN_FRAMEWORK_HEADER = YES;
				CLANG_WARN_RANGE_LOOP_ANALYSIS = YES;
				CLANG_WARN_STRICT_PROTOTYPES = YES;
				CLANG_WARN_SUSPICIOUS_MOVE = YES;
				CLANG_WARN_UNGUARDED_AVAILABILITY = YES_AGGRESSIVE;
				CLANG_WARN_UNREACHABLE_CODE = YES;
				CLANG_WARN__DUPLICATE_METHOD_MATCH = YES;
				COPY_PHASE_STRIP = NO;
				DEBUG_INFORMATION_FORMAT = "dwarf-with-dsym";
				ENABLE_NS_ASSERTIONS = NO;
				ENABLE_STRICT_OBJC_MSGSEND = YES;
				GCC_C_LANGUAGE_STANDARD = gnu11;
				GCC_NO_COMMON_BLOCKS = YES;
				GCC_WARN_64_TO_32_BIT_CONVERSION = YES;
				GCC_WARN_ABOUT_RETURN_TYPE = YES_ERROR;
				GCC_WARN_UNDECLARED_SELECTOR = YES;
				GCC_WARN_UNINITIALIZED_AUTOS = YES_AGGRESSIVE;
				GCC_WARN_UNUSED_FUNCTION = YES;
				GCC_WARN_UNUSED_VARIABLE = YES;
				IPHONEOS_DEPLOYMENT_TARGET = 16.0;
				MTL_ENABLE_DEBUG_INFO = NO;
				MTL_FAST_MATH = YES;
				SDKROOT = iphoneos;
				SWIFT_COMPILATION_MODE = wholemodule;
				SWIFT_OPTIMIZATION_LEVEL = "-O";
				VALIDATE_PRODUCT = YES;
			};
			name = Release;
		};
		31F7BE0D28E43B4E0077C1A1 /* Debug */ = {
			isa = XCBuildConfiguration;
			buildSettings = {
				ASSETCATALOG_COMPILER_APPICON_NAME = AppIcon;
				ASSETCATALOG_COMPILER_GLOBAL_ACCENT_COLOR_NAME = AccentColor;
				CODE_SIGN_STYLE = Automatic;
				CURRENT_PROJECT_VERSION = 1;
				DEVELOPMENT_ASSET_PATHS = "\"swift-UI/Preview Content\"";
				ENABLE_PREVIEWS = YES;
				GENERATE_INFOPLIST_FILE = YES;
				INFOPLIST_KEY_UIApplicationSceneManifest_Generation = YES;
				INFOPLIST_KEY_UIApplicationSupportsIndirectInputEvents = YES;
				INFOPLIST_KEY_UILaunchScreen_Generation = YES;
				INFOPLIST_KEY_UISupportedInterfaceOrientations_iPad = "UIInterfaceOrientationPortrait UIInterfaceOrientationPortraitUpsideDown UIInterfaceOrientationLandscapeLeft UIInterfaceOrientationLandscapeRight";
				INFOPLIST_KEY_UISupportedInterfaceOrientations_iPhone = "UIInterfaceOrientationPortrait UIInterfaceOrientationLandscapeLeft UIInterfaceOrientationLandscapeRight";
				LD_RUNPATH_SEARCH_PATHS = (
					"$(inherited)",
					"@executable_path/Frameworks",
				);
				MARKETING_VERSION = 1.0;
				PRODUCT_BUNDLE_IDENTIFIER = "com.swift-UI";
				PRODUCT_NAME = "$(TARGET_NAME)";
				SWIFT_EMIT_LOC_STRINGS = YES;
				SWIFT_VERSION = 5.0;
				TARGETED_DEVICE_FAMILY = "1,2";
			};
			name = Debug;
		};
		31F7BE0E28E43B4E0077C1A1 /* Release */ = {
			isa = XCBuildConfiguration;
			buildSettings = {
				ASSETCATALOG_COMPILER_APPICON_NAME = AppIcon;
				ASSETCATALOG_COMPILER_GLOBAL_ACCENT_COLOR_NAME = AccentColor;
				CODE_SIGN_STYLE = Automatic;
				CURRENT_PROJECT_VERSION = 1;
				DEVELOPMENT_ASSET_PATHS = "\"swift-UI/Preview Content\"";
				ENABLE_PREVIEWS = YES;
				GENERATE_INFOPLIST_FILE = YES;
				INFOPLIST_KEY_UIApplicationSceneManifest_Generation = YES;
				INFOPLIST_KEY_UIApplicationSupportsIndirectInputEvents = YES;
				INFOPLIST_KEY_UILaunchScreen_Generation = YES;
				INFOPLIST_KEY_UISupportedInterfaceOrientations_iPad = "UIInterfaceOrientationPortrait UIInterfaceOrientationPortraitUpsideDown UIInterfaceOrientationLandscapeLeft UIInterfaceOrientationLandscapeRight";
				INFOPLIST_KEY_UISupportedInterfaceOrientations_iPhone = "UIInterfaceOrientationPortrait UIInterfaceOrientationLandscapeLeft UIInterfaceOrientationLandscapeRight";
				LD_RUNPATH_SEARCH_PATHS = (
					"$(inherited)",
					"@executable_path/Frameworks",
				);
				MARKETING_VERSION = 1.0;
				PRODUCT_BUNDLE_IDENTIFIER = "com.swift-UI";
				PRODUCT_NAME = "$(TARGET_NAME)";
				SWIFT_EMIT_LOC_STRINGS = YES;
				SWIFT_VERSION = 5.0;
				TARGETED_DEVICE_FAMILY = "1,2";
			};
			name = Release;
		};
		31F7BE1028E43B4E0077C1A1 /* Debug */ = {
			isa = XCBuildConfiguration;
			buildSettings = {
				ALWAYS_EMBED_SWIFT_STANDARD_LIBRARIES = YES;
				BUNDLE_LOADER = "$(TEST_HOST)";
				CODE_SIGN_STYLE = Automatic;
				CURRENT_PROJECT_VERSION = 1;
				GENERATE_INFOPLIST_FILE = YES;
				IPHONEOS_DEPLOYMENT_TARGET = 16.0;
				MARKETING_VERSION = 1.0;
				PRODUCT_BUNDLE_IDENTIFIER = "com.swift-UITests";
				PRODUCT_NAME = "$(TARGET_NAME)";
				SWIFT_EMIT_LOC_STRINGS = NO;
				SWIFT_VERSION = 5.0;
				TARGETED_DEVICE_FAMILY = "1,2";
				TEST_HOST = "$(BUILT_PRODUCTS_DIR)/swift-UI.app/$(BUNDLE_EXECUTABLE_FOLDER_PATH)/swift-UI";
			};
			name = Debug;
		};
		31F7BE1128E43B4E0077C1A1 /* Release */ = {
			isa = XCBuildConfiguration;
			buildSettings = {
				ALWAYS_EMBED_SWIFT_STANDARD_LIBRARIES = YES;
				BUNDLE_LOADER = "$(TEST_HOST)";
				CODE_SIGN_STYLE = Automatic;
				CURRENT_PROJECT_VERSION = 1;
				GENERATE_INFOPLIST_FILE = YES;
				IPHONEOS_DEPLOYMENT_TARGET = 16.0;
				MARKETING_VERSION = 1.0;
				PRODUCT_BUNDLE_IDENTIFIER = "com.swift-UITests";
				PRODUCT_NAME = "$(TARGET_NAME)";
				SWIFT_EMIT_LOC_STRINGS = NO;
				SWIFT_VERSION = 5.0;
				TARGETED_DEVICE_FAMILY = "1,2";
				TEST_HOST = "$(BUILT_PRODUCTS_DIR)/swift-UI.app/$(BUNDLE_EXECUTABLE_FOLDER_PATH)/swift-UI";
			};
			name = Release;
		};
		31F7BE1328E43B4E0077C1A1 /* Debug */ = {
			isa = XCBuildConfiguration;
			buildSettings = {
				ALWAYS_EMBED_SWIFT_STANDARD_LIBRARIES = YES;
				CODE_SIGN_STYLE = Automatic;
				CURRENT_PROJECT_VERSION = 1;
				GENERATE_INFOPLIST_FILE = YES;
				MARKETING_VERSION = 1.0;
				PRODUCT_BUNDLE_IDENTIFIER = "com.swift-UIUITests";
				PRODUCT_NAME = "$(TARGET_NAME)";
				SWIFT_EMIT_LOC_STRINGS = NO;
				SWIFT_VERSION = 5.0;
				TARGETED_DEVICE_FAMILY = "1,2";
				TEST_TARGET_NAME = "swift-UI";
			};
			name = Debug;
		};
		31F7BE1428E43B4E0077C1A1 /* Release */ = {
			isa = XCBuildConfiguration;
			buildSettings = {
				ALWAYS_EMBED_SWIFT_STANDARD_LIBRARIES = YES;
				CODE_SIGN_STYLE = Automatic;
				CURRENT_PROJECT_VERSION = 1;
				GENERATE_INFOPLIST_FILE = YES;
				MARKETING_VERSION = 1.0;
				PRODUCT_BUNDLE_IDENTIFIER = "com.swift-UIUITests";
				PRODUCT_NAME = "$(TARGET_NAME)";
				SWIFT_EMIT_LOC_STRINGS = NO;
				SWIFT_VERSION = 5.0;
				TARGETED_DEVICE_FAMILY = "1,2";
				TEST_TARGET_NAME = "swift-UI";
			};
			name = Release;
		};
/* End XCBuildConfiguration section */

/* Begin XCConfigurationList section */
		31F7BDE328E43B450077C1A1 /* Build configuration list for PBXProject "GolfJoy" */ = {
			isa = XCConfigurationList;
			buildConfigurations = (
				31F7BE0A28E43B4E0077C1A1 /* Debug */,
				31F7BE0B28E43B4E0077C1A1 /* Release */,
			);
			defaultConfigurationIsVisible = 0;
			defaultConfigurationName = Release;
		};
		31F7BE0C28E43B4E0077C1A1 /* Build configuration list for PBXNativeTarget "swift-UI" */ = {
			isa = XCConfigurationList;
			buildConfigurations = (
				31F7BE0D28E43B4E0077C1A1 /* Debug */,
				31F7BE0E28E43B4E0077C1A1 /* Release */,
			);
			defaultConfigurationIsVisible = 0;
			defaultConfigurationName = Release;
		};
		31F7BE0F28E43B4E0077C1A1 /* Build configuration list for PBXNativeTarget "swift-UITests" */ = {
			isa = XCConfigurationList;
			buildConfigurations = (
				31F7BE1028E43B4E0077C1A1 /* Debug */,
				31F7BE1128E43B4E0077C1A1 /* Release */,
			);
			defaultConfigurationIsVisible = 0;
			defaultConfigurationName = Release;
		};
		31F7BE1228E43B4E0077C1A1 /* Build configuration list for PBXNativeTarget "swift-UIUITests" */ = {
			isa = XCConfigurationList;
			buildConfigurations = (
				31F7BE1328E43B4E0077C1A1 /* Debug */,
				31F7BE1428E43B4E0077C1A1 /* Release */,
			);
			defaultConfigurationIsVisible = 0;
			defaultConfigurationName = Release;
		};
/* End XCConfigurationList section */
	};
	rootObject = 31F7BDE028E43B450077C1A1 /* Project object */;
}
